
Microsoft Visual Studio Solution File, Format Version 12.00
# Visual Studio Version 16
VisualStudioVersion = 16.0.30717.126
MinimumVisualStudioVersion = 10.0.40219.1
Project("{2150E333-8FDC-42A3-9474-1A3956D46DE8}") = "1 - Presentation", "1 - Presentation", "{96CADE6B-E635-4979-9F7F-2B96BB3A307D}"
EndProject
Project("{2150E333-8FDC-42A3-9474-1A3956D46DE8}") = "2 - Application", "2 - Application", "{20B4048D-12B2-445D-B2CF-392F9492A719}"
EndProject
Project("{2150E333-8FDC-42A3-9474-1A3956D46DE8}") = "3 - Domain", "3 - Domain", "{983C4F18-0CAD-4D6A-A12A-973D5B7DA06A}"
EndProject
Project("{2150E333-8FDC-42A3-9474-1A3956D46DE8}") = "4 - Infra", "4 - Infra", "{E46200FF-0032-492F-A1DC-51669E676A55}"
EndProject
Project("{2150E333-8FDC-42A3-9474-1A3956D46DE8}") = "5 - Entities", "5 - Entities", "{5E939B98-D02D-4B0E-98D9-8A3FA0CBF029}"
EndProject
Project("{FAE04EC0-301F-11D3-BF4B-00C04F79EFBC}") = "EcommerceProject.Entities", "EcommerceProject.Entities\EcommerceProject.Entities.csproj", "{D07A3400-7CA7-419C-ABB6-E759345C2BF9}"
EndProject
Project("{FAE04EC0-301F-11D3-BF4B-00C04F79EFBC}") = "EcommerceProject.Infrastructure", "EcommerceProject.Infrastructure\EcommerceProject.Infrastructure.csproj", "{2C9BD3DE-F2AB-4E8A-97E6-0B67EE9EE20C}"
EndProject
Project("{FAE04EC0-301F-11D3-BF4B-00C04F79EFBC}") = "EommerceProject.Domain", "EommerceProject.Domain\EommerceProject.Domain.csproj", "{1C0DE8B0-37F6-4C46-87DF-F8842D2F6C10}"
EndProject
Project("{FAE04EC0-301F-11D3-BF4B-00C04F79EFBC}") = "EcommerceProject.ApplicationApp", "EcommerceProject.ApplicationApp\EcommerceProject.ApplicationApp.csproj", "{21D513F4-575E-4086-8B6E-034A285436F1}"
EndProject
Global
	GlobalSection(SolutionConfigurationPlatforms) = preSolution
		Debug|Any CPU = Debug|Any CPU
		Release|Any CPU = Release|Any CPU
	EndGlobalSection
	GlobalSection(ProjectConfigurationPlatforms) = postSolution
		{D07A3400-7CA7-419C-ABB6-E759345C2BF9}.Debug|Any CPU.ActiveCfg = Debug|Any CPU
		{D07A3400-7CA7-419C-ABB6-E759345C2BF9}.Debug|Any CPU.Build.0 = Debug|Any CPU
		{D07A3400-7CA7-419C-ABB6-E759345C2BF9}.Release|Any CPU.ActiveCfg = Release|Any CPU
		{D07A3400-7CA7-419C-ABB6-E759345C2BF9}.Release|Any CPU.Build.0 = Release|Any CPU
		{2C9BD3DE-F2AB-4E8A-97E6-0B67EE9EE20C}.Debug|Any CPU.ActiveCfg = Debug|Any CPU
		{2C9BD3DE-F2AB-4E8A-97E6-0B67EE9EE20C}.Debug|Any CPU.Build.0 = Debug|Any CPU
		{2C9BD3DE-F2AB-4E8A-97E6-0B67EE9EE20C}.Release|Any CPU.ActiveCfg = Release|Any CPU
		{2C9BD3DE-F2AB-4E8A-97E6-0B67EE9EE20C}.Release|Any CPU.Build.0 = Release|Any CPU
		{1C0DE8B0-37F6-4C46-87DF-F8842D2F6C10}.Debug|Any CPU.ActiveCfg = Debug|Any CPU
		{1C0DE8B0-37F6-4C46-87DF-F8842D2F6C10}.Debug|Any CPU.Build.0 = Debug|Any CPU
		{1C0DE8B0-37F6-4C46-87DF-F8842D2F6C10}.Release|Any CPU.ActiveCfg = Release|Any CPU
		{1C0DE8B0-37F6-4C46-87DF-F8842D2F6C10}.Release|Any CPU.Build.0 = Release|Any CPU
		{21D513F4-575E-4086-8B6E-034A285436F1}.Debug|Any CPU.ActiveCfg = Debug|Any CPU
		{21D513F4-575E-4086-8B6E-034A285436F1}.Debug|Any CPU.Build.0 = Debug|Any CPU
		{21D513F4-575E-4086-8B6E-034A285436F1}.Release|Any CPU.ActiveCfg = Release|Any CPU
		{21D513F4-575E-4086-8B6E-034A285436F1}.Release|Any CPU.Build.0 = Release|Any CPU
	EndGlobalSection
	GlobalSection(SolutionProperties) = preSolution
		HideSolutionNode = FALSE
	EndGlobalSection
	GlobalSection(NestedProjects) = preSolution
		{D07A3400-7CA7-419C-ABB6-E759345C2BF9} = {5E939B98-D02D-4B0E-98D9-8A3FA0CBF029}
		{2C9BD3DE-F2AB-4E8A-97E6-0B67EE9EE20C} = {E46200FF-0032-492F-A1DC-51669E676A55}
		{1C0DE8B0-37F6-4C46-87DF-F8842D2F6C10} = {983C4F18-0CAD-4D6A-A12A-973D5B7DA06A}
		{21D513F4-575E-4086-8B6E-034A285436F1} = {20B4048D-12B2-445D-B2CF-392F9492A719}
	EndGlobalSection
	GlobalSection(ExtensibilityGlobals) = postSolution
		SolutionGuid = {7A2FF129-CD88-4034-B325-93A19407FD42}
	EndGlobalSection
EndGlobal
